// !$*UTF8*$!
{
	archiveVersion = 1;
	classes = {
	};
	objectVersion = 54;
	objects = {

/* Begin PBXBuildFile section */
		570A7FEC290301FF00FAFFC7 /* PackageManager.swift in Sources */ = {isa = PBXBuildFile; fileRef = 570A7FEB290301FF00FAFFC7 /* PackageManager.swift */; };
		5755E4802901DF6A002287D3 /* HostManager.c in Sources */ = {isa = PBXBuildFile; fileRef = 5755E47F2901DF6A002287D3 /* HostManager.c */; };
		5755E4842901E2B7002287D3 /* HostManagerBridge.m in Sources */ = {isa = PBXBuildFile; fileRef = 5755E4832901E2B7002287D3 /* HostManagerBridge.m */; };
		57B7B68128F8B54C00CC4DFE /* ballpa1n.swift in Sources */ = {isa = PBXBuildFile; fileRef = 57B7B68028F8B54C00CC4DFE /* ballpa1n.swift */; };
		57B7B68328F8B54C00CC4DFE /* ContentView.swift in Sources */ = {isa = PBXBuildFile; fileRef = 57B7B68228F8B54C00CC4DFE /* ContentView.swift */; };
		57B7B68528F8B54E00CC4DFE /* Assets.xcassets in Resources */ = {isa = PBXBuildFile; fileRef = 57B7B68428F8B54E00CC4DFE /* Assets.xcassets */; };
		AA1544EB2901EACA009B563A /* IOKit.framework in Frameworks */ = {isa = PBXBuildFile; fileRef = AA1544EA2901EAC9009B563A /* IOKit.framework */; };
		AA1544F32902E9EC009B563A /* sysctlbynameButBetter.swift in Sources */ = {isa = PBXBuildFile; fileRef = AA1544F22902E9EC009B563A /* sysctlbynameButBetter.swift */; };
		AA1544F52902EA1F009B563A /* ViewFlip.swift in Sources */ = {isa = PBXBuildFile; fileRef = AA1544F42902EA1F009B563A /* ViewFlip.swift */; };
/* End PBXBuildFile section */

/* Begin PBXFileReference section */
		570A7FEB290301FF00FAFFC7 /* PackageManager.swift */ = {isa = PBXFileReference; lastKnownFileType = sourcecode.swift; path = PackageManager.swift; sourceTree = "<group>"; };
		5755E47D2901DEC6002287D3 /* bridging or something.h */ = {isa = PBXFileReference; lastKnownFileType = sourcecode.c.h; path = "bridging or something.h"; sourceTree = "<group>"; };
		5755E47E2901DF64002287D3 /* HostManager.h */ = {isa = PBXFileReference; lastKnownFileType = sourcecode.c.h; path = HostManager.h; sourceTree = "<group>"; };
		5755E47F2901DF6A002287D3 /* HostManager.c */ = {isa = PBXFileReference; fileEncoding = 4; lastKnownFileType = sourcecode.c.c; path = HostManager.c; sourceTree = "<group>"; };
		5755E4822901E2A7002287D3 /* HostManagerBridge.h */ = {isa = PBXFileReference; lastKnownFileType = sourcecode.c.h; path = HostManagerBridge.h; sourceTree = "<group>"; };
		5755E4832901E2B7002287D3 /* HostManagerBridge.m */ = {isa = PBXFileReference; lastKnownFileType = sourcecode.c.objc; path = HostManagerBridge.m; sourceTree = "<group>"; };
		57B7B67D28F8B54C00CC4DFE /* ballpa1n.app */ = {isa = PBXFileReference; explicitFileType = wrapper.application; includeInIndex = 0; path = ballpa1n.app; sourceTree = BUILT_PRODUCTS_DIR; };
		57B7B68028F8B54C00CC4DFE /* ballpa1n.swift */ = {isa = PBXFileReference; lastKnownFileType = sourcecode.swift; path = ballpa1n.swift; sourceTree = "<group>"; };
		57B7B68228F8B54C00CC4DFE /* ContentView.swift */ = {isa = PBXFileReference; lastKnownFileType = sourcecode.swift; path = ContentView.swift; sourceTree = "<group>"; };
		57B7B68428F8B54E00CC4DFE /* Assets.xcassets */ = {isa = PBXFileReference; lastKnownFileType = folder.assetcatalog; path = Assets.xcassets; sourceTree = "<group>"; };
		AA1544E72901E9BB009B563A /* IOKitLib.h */ = {isa = PBXFileReference; lastKnownFileType = sourcecode.c.h; path = IOKitLib.h; sourceTree = "<group>"; };
		AA1544E82901E9BB009B563A /* CoreFoundation.h */ = {isa = PBXFileReference; lastKnownFileType = sourcecode.c.h; path = CoreFoundation.h; sourceTree = "<group>"; };
		AA1544EA2901EAC9009B563A /* IOKit.framework */ = {isa = PBXFileReference; lastKnownFileType = wrapper.framework; name = IOKit.framework; path = System/Library/Frameworks/IOKit.framework; sourceTree = SDKROOT; };
		AA1544EC2901EDDB009B563A /* README.md */ = {isa = PBXFileReference; lastKnownFileType = net.daringfireball.markdown; path = README.md; sourceTree = "<group>"; };
		AA1544F22902E9EC009B563A /* sysctlbynameButBetter.swift */ = {isa = PBXFileReference; lastKnownFileType = sourcecode.swift; path = sysctlbynameButBetter.swift; sourceTree = "<group>"; };
		AA1544F42902EA1F009B563A /* ViewFlip.swift */ = {isa = PBXFileReference; lastKnownFileType = sourcecode.swift; path = ViewFlip.swift; sourceTree = "<group>"; };
/* End PBXFileReference section */

/* Begin PBXFrameworksBuildPhase section */
		57B7B67A28F8B54C00CC4DFE /* Frameworks */ = {
			isa = PBXFrameworksBuildPhase;
			buildActionMask = 2147483647;
			files = (
				AA1544EB2901EACA009B563A /* IOKit.framework in Frameworks */,
			);
			runOnlyForDeploymentPostprocessing = 0;
		};
/* End PBXFrameworksBuildPhase section */

/* Begin PBXGroup section */
		570A7FEA290301E000FAFFC7 /* pkgmgr */ = {
			isa = PBXGroup;
			children = (
				570A7FEB290301FF00FAFFC7 /* PackageManager.swift */,
			);
			path = pkgmgr;
			sourceTree = "<group>";
		};
		5755E47C2901DD80002287D3 /* Zefram stolen code */ = {
			isa = PBXGroup;
			children = (
				AA1544E62901E9A6009B563A /* include */,
				5755E4812901E22C002287D3 /* wrapped */,
				5755E47D2901DEC6002287D3 /* bridging or something.h */,
				5755E47E2901DF64002287D3 /* HostManager.h */,
				5755E47F2901DF6A002287D3 /* HostManager.c */,
				AA1544EC2901EDDB009B563A /* README.md */,
			);
			path = "Zefram stolen code";
			sourceTree = "<group>";
		};
		5755E4812901E22C002287D3 /* wrapped */ = {
			isa = PBXGroup;
			children = (
				5755E4822901E2A7002287D3 /* HostManagerBridge.h */,
				5755E4832901E2B7002287D3 /* HostManagerBridge.m */,
			);
			path = wrapped;
			sourceTree = "<group>";
		};
		57B7B67428F8B54C00CC4DFE = {
			isa = PBXGroup;
			children = (
				57B7B67F28F8B54C00CC4DFE /* ballpa1n */,
				57B7B67E28F8B54C00CC4DFE /* Products */,
				AA1544E92901EAC9009B563A /* Frameworks */,
			);
			sourceTree = "<group>";
		};
		57B7B67E28F8B54C00CC4DFE /* Products */ = {
			isa = PBXGroup;
			children = (
				57B7B67D28F8B54C00CC4DFE /* ballpa1n.app */,
			);
			name = Products;
			sourceTree = "<group>";
		};
		57B7B67F28F8B54C00CC4DFE /* ballpa1n */ = {
			isa = PBXGroup;
			children = (
				57B7B68028F8B54C00CC4DFE /* ballpa1n.swift */,
				AA1544EF2902DAFE009B563A /* jelbraik */,
				570A7FEA290301E000FAFFC7 /* pkgmgr */,
				AA1544F12902E9B9009B563A /* Utilities */,
				57B7B68428F8B54E00CC4DFE /* Assets.xcassets */,
			);
			path = ballpa1n;
			sourceTree = "<group>";
		};
		AA1544E62901E9A6009B563A /* include */ = {
			isa = PBXGroup;
			children = (
				AA1544E82901E9BB009B563A /* CoreFoundation.h */,
				AA1544E72901E9BB009B563A /* IOKitLib.h */,
			);
			path = include;
			sourceTree = "<group>";
		};
		AA1544E92901EAC9009B563A /* Frameworks */ = {
			isa = PBXGroup;
			children = (
				AA1544EA2901EAC9009B563A /* IOKit.framework */,
			);
			name = Frameworks;
			sourceTree = "<group>";
		};
		AA1544EF2902DAFE009B563A /* jelbraik */ = {
			isa = PBXGroup;
			children = (
				57B7B68228F8B54C00CC4DFE /* ContentView.swift */,
			);
			path = jelbraik;
			sourceTree = "<group>";
		};
		AA1544F12902E9B9009B563A /* Utilities */ = {
			isa = PBXGroup;
			children = (
				5755E47C2901DD80002287D3 /* Zefram stolen code */,
				AA1544F22902E9EC009B563A /* sysctlbynameButBetter.swift */,
				AA1544F42902EA1F009B563A /* ViewFlip.swift */,
			);
			path = Utilities;
			sourceTree = "<group>";
		};
/* End PBXGroup section */

/* Begin PBXNativeTarget section */
		57B7B67C28F8B54C00CC4DFE /* ballpa1n */ = {
			isa = PBXNativeTarget;
			buildConfigurationList = 57B7B68B28F8B54E00CC4DFE /* Build configuration list for PBXNativeTarget "ballpa1n" */;
			buildPhases = (
				57B7B67928F8B54C00CC4DFE /* Sources */,
				57B7B67A28F8B54C00CC4DFE /* Frameworks */,
				57B7B67B28F8B54C00CC4DFE /* Resources */,
			);
			buildRules = (
			);
			dependencies = (
			);
			name = pissra1n;
			productName = crapra1n;
			productReference = 57B7B67D28F8B54C00CC4DFE /* ballpa1n.app */;
			productType = "com.apple.product-type.application";
		};
/* End PBXNativeTarget section */

/* Begin PBXProject section */
		57B7B67528F8B54C00CC4DFE /* Project object */ = {
			isa = PBXProject;
			attributes = {
				BuildIndependentTargetsInParallel = 1;
				LastSwiftUpdateCheck = 1410;
				LastUpgradeCheck = 1410;
				TargetAttributes = {
					57B7B67C28F8B54C00CC4DFE = {
						CreatedOnToolsVersion = 14.1;
					};
				};
			};
			buildConfigurationList = 57B7B67828F8B54C00CC4DFE /* Build configuration list for PBXProject "ballpa1n" */;
			compatibilityVersion = "Xcode 12.0";
			developmentRegion = en;
			hasScannedForEncodings = 0;
			knownRegions = (
				en,
				Base,
			);
			mainGroup = 57B7B67428F8B54C00CC4DFE;
			productRefGroup = 57B7B67E28F8B54C00CC4DFE /* Products */;
			projectDirPath = "";
			projectRoot = "";
			targets = (
				57B7B67C28F8B54C00CC4DFE /* ballpa1n */,
			);
		};
/* End PBXProject section */

/* Begin PBXResourcesBuildPhase section */
		57B7B67B28F8B54C00CC4DFE /* Resources */ = {
			isa = PBXResourcesBuildPhase;
			buildActionMask = 2147483647;
			files = (
				57B7B68528F8B54E00CC4DFE /* Assets.xcassets in Resources */,
			);
			runOnlyForDeploymentPostprocessing = 0;
		};
/* End PBXResourcesBuildPhase section */

/* Begin PBXSourcesBuildPhase section */
		57B7B67928F8B54C00CC4DFE /* Sources */ = {
			isa = PBXSourcesBuildPhase;
			buildActionMask = 2147483647;
			files = (
				57B7B68328F8B54C00CC4DFE /* ContentView.swift in Sources */,
				5755E4842901E2B7002287D3 /* HostManagerBridge.m in Sources */,
				57B7B68128F8B54C00CC4DFE /* ballpa1n.swift in Sources */,
				AA1544F52902EA1F009B563A /* ViewFlip.swift in Sources */,
				570A7FEC290301FF00FAFFC7 /* PackageManager.swift in Sources */,
				5755E4802901DF6A002287D3 /* HostManager.c in Sources */,
				AA1544F32902E9EC009B563A /* sysctlbynameButBetter.swift in Sources */,
			);
			runOnlyForDeploymentPostprocessing = 0;
		};
/* End PBXSourcesBuildPhase section */

/* Begin XCBuildConfiguration section */
		57B7B68928F8B54E00CC4DFE /* Debug */ = {
			isa = XCBuildConfiguration;
			buildSettings = {
				ALWAYS_SEARCH_USER_PATHS = NO;
				CLANG_ANALYZER_NONNULL = YES;
				CLANG_ANALYZER_NUMBER_OBJECT_CONVERSION = YES_AGGRESSIVE;
				CLANG_CXX_LANGUAGE_STANDARD = "gnu++20";
				CLANG_ENABLE_MODULES = YES;
				CLANG_ENABLE_OBJC_ARC = YES;
				CLANG_ENABLE_OBJC_WEAK = YES;
				CLANG_WARN_BLOCK_CAPTURE_AUTORELEASING = YES;
				CLANG_WARN_BOOL_CONVERSION = YES;
				CLANG_WARN_COMMA = YES;
				CLANG_WARN_CONSTANT_CONVERSION = YES;
				CLANG_WARN_DEPRECATED_OBJC_IMPLEMENTATIONS = YES;
				CLANG_WARN_DIRECT_OBJC_ISA_USAGE = YES_ERROR;
				CLANG_WARN_DOCUMENTATION_COMMENTS = YES;
				CLANG_WARN_EMPTY_BODY = YES;
				CLANG_WARN_ENUM_CONVERSION = YES;
				CLANG_WARN_INFINITE_RECURSION = YES;
				CLANG_WARN_INT_CONVERSION = YES;
				CLANG_WARN_NON_LITERAL_NULL_CONVERSION = YES;
				CLANG_WARN_OBJC_IMPLICIT_RETAIN_SELF = YES;
				CLANG_WARN_OBJC_LITERAL_CONVERSION = YES;
				CLANG_WARN_OBJC_ROOT_CLASS = YES_ERROR;
				CLANG_WARN_QUOTED_INCLUDE_IN_FRAMEWORK_HEADER = YES;
				CLANG_WARN_RANGE_LOOP_ANALYSIS = YES;
				CLANG_WARN_STRICT_PROTOTYPES = YES;
				CLANG_WARN_SUSPICIOUS_MOVE = YES;
				CLANG_WARN_UNGUARDED_AVAILABILITY = YES_AGGRESSIVE;
				CLANG_WARN_UNREACHABLE_CODE = YES;
				CLANG_WARN__DUPLICATE_METHOD_MATCH = YES;
				COPY_PHASE_STRIP = NO;
				DEBUG_INFORMATION_FORMAT = dwarf;
				ENABLE_STRICT_OBJC_MSGSEND = YES;
				ENABLE_TESTABILITY = YES;
				GCC_C_LANGUAGE_STANDARD = gnu11;
				GCC_DYNAMIC_NO_PIC = NO;
				GCC_NO_COMMON_BLOCKS = YES;
				GCC_OPTIMIZATION_LEVEL = 0;
				GCC_PREPROCESSOR_DEFINITIONS = (
					"DEBUG=1",
					"$(inherited)",
				);
				GCC_WARN_64_TO_32_BIT_CONVERSION = YES;
				GCC_WARN_ABOUT_RETURN_TYPE = YES_ERROR;
				GCC_WARN_UNDECLARED_SELECTOR = YES;
				GCC_WARN_UNINITIALIZED_AUTOS = YES_AGGRESSIVE;
				GCC_WARN_UNUSED_FUNCTION = YES;
				GCC_WARN_UNUSED_VARIABLE = YES;
				IPHONEOS_DEPLOYMENT_TARGET = 16.1;
				MTL_ENABLE_DEBUG_INFO = INCLUDE_SOURCE;
				MTL_FAST_MATH = YES;
				ONLY_ACTIVE_ARCH = YES;
				SDKROOT = iphoneos;
				SWIFT_ACTIVE_COMPILATION_CONDITIONS = DEBUG;
				SWIFT_OPTIMIZATION_LEVEL = "-Onone";
			};
			name = Debug;
		};
		57B7B68A28F8B54E00CC4DFE /* Release */ = {
			isa = XCBuildConfiguration;
			buildSettings = {
				ALWAYS_SEARCH_USER_PATHS = NO;
				CLANG_ANALYZER_NONNULL = YES;
				CLANG_ANALYZER_NUMBER_OBJECT_CONVERSION = YES_AGGRESSIVE;
				CLANG_CXX_LANGUAGE_STANDARD = "gnu++20";
				CLANG_ENABLE_MODULES = YES;
				CLANG_ENABLE_OBJC_ARC = YES;
				CLANG_ENABLE_OBJC_WEAK = YES;
				CLANG_WARN_BLOCK_CAPTURE_AUTORELEASING = YES;
				CLANG_WARN_BOOL_CONVERSION = YES;
				CLANG_WARN_COMMA = YES;
				CLANG_WARN_CONSTANT_CONVERSION = YES;
				CLANG_WARN_DEPRECATED_OBJC_IMPLEMENTATIONS = YES;
				CLANG_WARN_DIRECT_OBJC_ISA_USAGE = YES_ERROR;
				CLANG_WARN_DOCUMENTATION_COMMENTS = YES;
				CLANG_WARN_EMPTY_BODY = YES;
				CLANG_WARN_ENUM_CONVERSION = YES;
				CLANG_WARN_INFINITE_RECURSION = YES;
				CLANG_WARN_INT_CONVERSION = YES;
				CLANG_WARN_NON_LITERAL_NULL_CONVERSION = YES;
				CLANG_WARN_OBJC_IMPLICIT_RETAIN_SELF = YES;
				CLANG_WARN_OBJC_LITERAL_CONVERSION = YES;
				CLANG_WARN_OBJC_ROOT_CLASS = YES_ERROR;
				CLANG_WARN_QUOTED_INCLUDE_IN_FRAMEWORK_HEADER = YES;
				CLANG_WARN_RANGE_LOOP_ANALYSIS = YES;
				CLANG_WARN_STRICT_PROTOTYPES = YES;
				CLANG_WARN_SUSPICIOUS_MOVE = YES;
				CLANG_WARN_UNGUARDED_AVAILABILITY = YES_AGGRESSIVE;
				CLANG_WARN_UNREACHABLE_CODE = YES;
				CLANG_WARN__DUPLICATE_METHOD_MATCH = YES;
				COPY_PHASE_STRIP = NO;
				DEBUG_INFORMATION_FORMAT = "dwarf-with-dsym";
				ENABLE_NS_ASSERTIONS = NO;
				ENABLE_STRICT_OBJC_MSGSEND = YES;
				GCC_C_LANGUAGE_STANDARD = gnu11;
				GCC_NO_COMMON_BLOCKS = YES;
				GCC_WARN_64_TO_32_BIT_CONVERSION = YES;
				GCC_WARN_ABOUT_RETURN_TYPE = YES_ERROR;
				GCC_WARN_UNDECLARED_SELECTOR = YES;
				GCC_WARN_UNINITIALIZED_AUTOS = YES_AGGRESSIVE;
				GCC_WARN_UNUSED_FUNCTION = YES;
				GCC_WARN_UNUSED_VARIABLE = YES;
				IPHONEOS_DEPLOYMENT_TARGET = 16.1;
				MTL_ENABLE_DEBUG_INFO = NO;
				MTL_FAST_MATH = YES;
				SDKROOT = iphoneos;
				SWIFT_COMPILATION_MODE = wholemodule;
				SWIFT_OPTIMIZATION_LEVEL = "-O";
				VALIDATE_PRODUCT = YES;
			};
			name = Release;
		};
		57B7B68C28F8B54E00CC4DFE /* Debug */ = {
			isa = XCBuildConfiguration;
			buildSettings = {
				ASSETCATALOG_COMPILER_APPICON_NAME = AppIcon;
				ASSETCATALOG_COMPILER_GLOBAL_ACCENT_COLOR_NAME = AccentColor;
				CODE_SIGN_STYLE = Automatic;
				CURRENT_PROJECT_VERSION = 1;
				DEVELOPMENT_ASSET_PATHS = "";
				DEVELOPMENT_TEAM = 566RT33SA2;
				ENABLE_PREVIEWS = YES;
				GENERATE_INFOPLIST_FILE = YES;
				INFOPLIST_KEY_UIApplicationSceneManifest_Generation = YES;
				INFOPLIST_KEY_UIApplicationSupportsIndirectInputEvents = YES;
				INFOPLIST_KEY_UILaunchScreen_Generation = YES;
				INFOPLIST_KEY_UISupportedInterfaceOrientations_iPad = "UIInterfaceOrientationPortrait UIInterfaceOrientationPortraitUpsideDown UIInterfaceOrientationLandscapeLeft UIInterfaceOrientationLandscapeRight";
				INFOPLIST_KEY_UISupportedInterfaceOrientations_iPhone = "UIInterfaceOrientationPortrait UIInterfaceOrientationLandscapeLeft UIInterfaceOrientationLandscapeRight";
				IPHONEOS_DEPLOYMENT_TARGET = 14.0;
				LD_RUNPATH_SEARCH_PATHS = (
					"$(inherited)",
					"@executable_path/Frameworks",
				);
				MARKETING_VERSION = 1.0;
				PRODUCT_BUNDLE_IDENTIFIER = ca.bomberfish.pissra1n;
				PRODUCT_NAME = "$(TARGET_NAME)";
				SWIFT_EMIT_LOC_STRINGS = YES;
				SWIFT_OBJC_BRIDGING_HEADER = "ballpa1n/Utilities/Zefram stolen code/bridging or something.h";
				SWIFT_VERSION = 5.0;
				TARGETED_DEVICE_FAMILY = "1,2";
			};
			name = Debug;
		};
		57B7B68D28F8B54E00CC4DFE /* Release */ = {
			isa = XCBuildConfiguration;
			buildSettings = {
				ASSETCATALOG_COMPILER_APPICON_NAME = AppIcon;
				ASSETCATALOG_COMPILER_GLOBAL_ACCENT_COLOR_NAME = AccentColor;
				CODE_SIGN_STYLE = Automatic;
				CURRENT_PROJECT_VERSION = 1;
				DEVELOPMENT_ASSET_PATHS = "";
				DEVELOPMENT_TEAM = 566RT33SA2;
				ENABLE_PREVIEWS = YES;
				GENERATE_INFOPLIST_FILE = YES;
				INFOPLIST_KEY_UIApplicationSceneManifest_Generation = YES;
				INFOPLIST_KEY_UIApplicationSupportsIndirectInputEvents = YES;
				INFOPLIST_KEY_UILaunchScreen_Generation = YES;
				INFOPLIST_KEY_UISupportedInterfaceOrientations_iPad = "UIInterfaceOrientationPortrait UIInterfaceOrientationPortraitUpsideDown UIInterfaceOrientationLandscapeLeft UIInterfaceOrientationLandscapeRight";
				INFOPLIST_KEY_UISupportedInterfaceOrientations_iPhone = "UIInterfaceOrientationPortrait UIInterfaceOrientationLandscapeLeft UIInterfaceOrientationLandscapeRight";
				IPHONEOS_DEPLOYMENT_TARGET = 14.0;
				LD_RUNPATH_SEARCH_PATHS = (
					"$(inherited)",
					"@executable_path/Frameworks",
				);
				MARKETING_VERSION = 1.0;
				PRODUCT_BUNDLE_IDENTIFIER = ca.bomberfish.pissra1n;
				PRODUCT_NAME = "$(TARGET_NAME)";
				SWIFT_EMIT_LOC_STRINGS = YES;
				SWIFT_OBJC_BRIDGING_HEADER = "ballpa1n/Utilities/Zefram stolen code/bridging or something.h";
				SWIFT_VERSION = 5.0;
				TARGETED_DEVICE_FAMILY = "1,2";
			};
			name = Release;
		};
/* End XCBuildConfiguration section */

/* Begin XCConfigurationList section */
		57B7B67828F8B54C00CC4DFE /* Build configuration list for PBXProject "ballpa1n" */ = {
			isa = XCConfigurationList;
			buildConfigurations = (
				57B7B68928F8B54E00CC4DFE /* Debug */,
				57B7B68A28F8B54E00CC4DFE /* Release */,
			);
			defaultConfigurationIsVisible = 0;
			defaultConfigurationName = Release;
		};
		57B7B68B28F8B54E00CC4DFE /* Build configuration list for PBXNativeTarget "ballpa1n" */ = {
			isa = XCConfigurationList;
			buildConfigurations = (
				57B7B68C28F8B54E00CC4DFE /* Debug */,
				57B7B68D28F8B54E00CC4DFE /* Release */,
			);
			defaultConfigurationIsVisible = 0;
			defaultConfigurationName = Release;
		};
/* End XCConfigurationList section */
	};
	rootObject = 57B7B67528F8B54C00CC4DFE /* Project object */;
}
